
Microsoft Visual Studio Solution File, Format Version 12.00
# Visual Studio Version 17
VisualStudioVersion = 17.4.33213.308
MinimumVisualStudioVersion = 10.0.40219.1
Project("{FAE04EC0-301F-11D3-BF4B-00C04F79EFBC}") = "FactorialAsync", "FactorialAsync\FactorialAsync.csproj", "{638C4250-BB39-4DAE-8D19-FF5FFE97D243}"
EndProject
Global
	GlobalSection(SolutionConfigurationPlatforms) = preSolution
		Debug|Any CPU = Debug|Any CPU
		Release|Any CPU = Release|Any CPU
	EndGlobalSection
	GlobalSection(ProjectConfigurationPlatforms) = postSolution
		{638C4250-BB39-4DAE-8D19-FF5FFE97D243}.Debug|Any CPU.ActiveCfg = Debug|Any CPU
		{638C4250-BB39-4DAE-8D19-FF5FFE97D243}.Debug|Any CPU.Build.0 = Debug|Any CPU
		{638C4250-BB39-4DAE-8D19-FF5FFE97D243}.Release|Any CPU.ActiveCfg = Release|Any CPU
		{638C4250-BB39-4DAE-8D19-FF5FFE97D243}.Release|Any CPU.Build.0 = Release|Any CPU
	EndGlobalSection
	GlobalSection(SolutionProperties) = preSolution
		HideSolutionNode = FALSE
	EndGlobalSection
	GlobalSection(ExtensibilityGlobals) = postSolution
		SolutionGuid = {DBA100A9-6E24-4B56-8100-E11B53C1B2F4}
	EndGlobalSection
EndGlobal
